<Solution>
  <Folder Name="/bench/">
    <Project Path="bench/Lodestar.NetStandard.Benchmarks/Lodestar.NetStandard.Benchmarks.csproj" />
    <Project Path="bench/Lodestar.Stats.Benchmarks/Lodestar.Stats.Benchmarks.csproj" />
    <Project Path="bench/Lodestar.Text.Benchmarks/Lodestar.Text.Benchmarks.csproj" />
  </Folder>
  <Folder Name="/src/">
    <Project Path="src/Lodestar.Abstractions/Lodestar.Abstractions.csproj" />
    <Project Path="src/Lodestar.Conformal/Lodestar.Conformal.csproj" />
    <Project Path="src/Lodestar.Decomposition/Lodestar.Decomposition.csproj" />
    <Project Path="src/Lodestar.Embeddings/Lodestar.Embeddings.csproj" />
    <Project Path="src/Lodestar.Fuzzy/Lodestar.Fuzzy.csproj" />
    <Project Path="src/Lodestar.Metrics/Lodestar.Metrics.csproj" />
    <Project Path="src/Lodestar.Onnx/Lodestar.Onnx.csproj" />
    <Project Path="src/Lodestar.Stats/Lodestar.Stats.csproj" />
    <Project Path="src/Lodestar.Text/Lodestar.Text.csproj" />
  </Folder>
  <Folder Name="/tests/">
    <Project Path="tests/Lodestar.Abstractions.NetStandard.Tests/Lodestar.Abstractions.NetStandard.Tests.csproj" />
    <Project Path="tests/Lodestar.Abstractions.Tests/Lodestar.Abstractions.Tests.csproj" />
    <Project Path="tests/Lodestar.Conformal.NetStandard.Tests/Lodestar.Conformal.NetStandard.Tests.csproj" />
    <Project Path="tests/Lodestar.Conformal.Tests/Lodestar.Conformal.Tests.csproj" />
    <Project Path="tests/Lodestar.Decomposition.NetStandard.Tests/Lodestar.Decomposition.NetStandard.Tests.csproj" />
    <Project Path="tests/Lodestar.Decomposition.Tests/Lodestar.Decomposition.Tests.csproj" />
    <Project Path="tests/Lodestar.Embeddings.NetStandard.Tests/Lodestar.Embeddings.NetStandard.Tests.csproj" />
    <Project Path="tests/Lodestar.Embeddings.Tests/Lodestar.Embeddings.Tests.csproj" />
    <Project Path="tests/Lodestar.Fuzzy.NetStandard.Tests/Lodestar.Fuzzy.NetStandard.Tests.csproj" />
    <Project Path="tests/Lodestar.Metrics.NetStandard.Tests/Lodestar.Metrics.NetStandard.Tests.csproj" />
    <Project Path="tests/Lodestar.Metrics.Tests/Lodestar.Metrics.Tests.csproj" />
    <Project Path="tests/Lodestar.Onnx.NetStandard.Tests/Lodestar.Onnx.NetStandard.Tests.csproj" />
    <Project Path="tests/Lodestar.Onnx.Tests/Lodestar.Onnx.Tests.csproj" />
    <Project Path="tests/Lodestar.Stats.NetStandard.Tests/Lodestar.Stats.NetStandard.Tests.csproj" />
    <Project Path="tests/Lodestar.Stats.Tests/Lodestar.Stats.Tests.csproj" />
    <Project Path="tests/Lodestar.Text.NetStandard.Tests/Lodestar.Text.NetStandard.Tests.csproj" />
    <Project Path="tests/Lodestar.Fuzzy.Tests/Lodestar.Fuzzy.Tests.csproj" />
    <Project Path="tests/Lodestar.Text.Tests/Lodestar.Text.Tests.csproj" />
  </Folder>
</Solution>
